// !$*UTF8*$!
{
	archiveVersion = 1;
	classes = {
	};
	objectVersion = 46;
	objects = {

/* Begin PBXBuildFile section */
		33ADEFBF1B57455600B28E1E /* AppDelegate.swift in Sources */ = {isa = PBXBuildFile; fileRef = 33ADEFBE1B57455600B28E1E /* AppDelegate.swift */; };
		33ADEFC11B57455600B28E1E /* ViewController.swift in Sources */ = {isa = PBXBuildFile; fileRef = 33ADEFC01B57455600B28E1E /* ViewController.swift */; };
		33ADEFC41B57455600B28E1E /* Main.storyboard in Resources */ = {isa = PBXBuildFile; fileRef = 33ADEFC21B57455600B28E1E /* Main.storyboard */; };
		33ADEFC61B57455600B28E1E /* Images.xcassets in Resources */ = {isa = PBXBuildFile; fileRef = 33ADEFC51B57455600B28E1E /* Images.xcassets */; };
		33ADEFC91B57455600B28E1E /* LaunchScreen.xib in Resources */ = {isa = PBXBuildFile; fileRef = 33ADEFC71B57455600B28E1E /* LaunchScreen.xib */; };
		33ADEFD51B57455600B28E1E /* SQUIRREL_Tests.swift in Sources */ = {isa = PBXBuildFile; fileRef = 33ADEFD41B57455600B28E1E /* SQUIRREL_Tests.swift */; };
		33ADEFE61B588DFE00B28E1E /* NotePad.swift in Sources */ = {isa = PBXBuildFile; fileRef = 33ADEFE51B588DFE00B28E1E /* NotePad.swift */; };
		33ADEFE81B588FAB00B28E1E /* NotePad.xib in Resources */ = {isa = PBXBuildFile; fileRef = 33ADEFE71B588FAB00B28E1E /* NotePad.xib */; };
		33C141A11B64461C0069FC21 /* SetTimer.xib in Resources */ = {isa = PBXBuildFile; fileRef = 33C141A01B64461C0069FC21 /* SetTimer.xib */; };
		33C141A31B6680C90069FC21 /* SetTimer.swift in Sources */ = {isa = PBXBuildFile; fileRef = 33C141A21B6680C90069FC21 /* SetTimer.swift */; };
		33E3200B1B5DD2F40096351D /* NoteObject.swift in Sources */ = {isa = PBXBuildFile; fileRef = 33E3200A1B5DD2F40096351D /* NoteObject.swift */; };
		33E3200D1B5DDFC30096351D /* Helper.swift in Sources */ = {isa = PBXBuildFile; fileRef = 33E3200C1B5DDFC30096351D /* Helper.swift */; };
/* End PBXBuildFile section */

/* Begin PBXContainerItemProxy section */
		33ADEFCF1B57455600B28E1E /* PBXContainerItemProxy */ = {
			isa = PBXContainerItemProxy;
			containerPortal = 33ADEFB11B57455600B28E1E /* Project object */;
			proxyType = 1;
			remoteGlobalIDString = 33ADEFB81B57455600B28E1E;
			remoteInfo = "SQUIRREL!";
		};
/* End PBXContainerItemProxy section */

/* Begin PBXFileReference section */
		33ADEFB91B57455600B28E1E /* SQUIRREL!.app */ = {isa = PBXFileReference; explicitFileType = wrapper.application; includeInIndex = 0; path = "SQUIRREL!.app"; sourceTree = BUILT_PRODUCTS_DIR; };
		33ADEFBD1B57455600B28E1E /* Info.plist */ = {isa = PBXFileReference; lastKnownFileType = text.plist.xml; path = Info.plist; sourceTree = "<group>"; };
		33ADEFBE1B57455600B28E1E /* AppDelegate.swift */ = {isa = PBXFileReference; lastKnownFileType = sourcecode.swift; path = AppDelegate.swift; sourceTree = "<group>"; };
		33ADEFC01B57455600B28E1E /* ViewController.swift */ = {isa = PBXFileReference; lastKnownFileType = sourcecode.swift; path = ViewController.swift; sourceTree = "<group>"; };
		33ADEFC31B57455600B28E1E /* Base */ = {isa = PBXFileReference; lastKnownFileType = file.storyboard; name = Base; path = Base.lproj/Main.storyboard; sourceTree = "<group>"; };
		33ADEFC51B57455600B28E1E /* Images.xcassets */ = {isa = PBXFileReference; lastKnownFileType = folder.assetcatalog; path = Images.xcassets; sourceTree = "<group>"; };
		33ADEFC81B57455600B28E1E /* Base */ = {isa = PBXFileReference; lastKnownFileType = file.xib; name = Base; path = Base.lproj/LaunchScreen.xib; sourceTree = "<group>"; };
		33ADEFCE1B57455600B28E1E /* SQUIRREL!Tests.xctest */ = {isa = PBXFileReference; explicitFileType = wrapper.cfbundle; includeInIndex = 0; path = "SQUIRREL!Tests.xctest"; sourceTree = BUILT_PRODUCTS_DIR; };
		33ADEFD31B57455600B28E1E /* Info.plist */ = {isa = PBXFileReference; lastKnownFileType = text.plist.xml; path = Info.plist; sourceTree = "<group>"; };
		33ADEFD41B57455600B28E1E /* SQUIRREL_Tests.swift */ = {isa = PBXFileReference; lastKnownFileType = sourcecode.swift; path = SQUIRREL_Tests.swift; sourceTree = "<group>"; };
		33ADEFE51B588DFE00B28E1E /* NotePad.swift */ = {isa = PBXFileReference; fileEncoding = 4; lastKnownFileType = sourcecode.swift; path = NotePad.swift; sourceTree = "<group>"; };
		33ADEFE71B588FAB00B28E1E /* NotePad.xib */ = {isa = PBXFileReference; fileEncoding = 4; lastKnownFileType = file.xib; path = NotePad.xib; sourceTree = "<group>"; };
		33C141A01B64461C0069FC21 /* SetTimer.xib */ = {isa = PBXFileReference; fileEncoding = 4; lastKnownFileType = file.xib; path = SetTimer.xib; sourceTree = "<group>"; };
		33C141A21B6680C90069FC21 /* SetTimer.swift */ = {isa = PBXFileReference; fileEncoding = 4; lastKnownFileType = sourcecode.swift; path = SetTimer.swift; sourceTree = "<group>"; };
		33E320081B5DCC690096351D /* DS-DIGII.TTF */ = {isa = PBXFileReference; lastKnownFileType = file; path = "DS-DIGII.TTF"; sourceTree = "<group>"; };
		33E3200A1B5DD2F40096351D /* NoteObject.swift */ = {isa = PBXFileReference; fileEncoding = 4; lastKnownFileType = sourcecode.swift; path = NoteObject.swift; sourceTree = "<group>"; };
		33E3200C1B5DDFC30096351D /* Helper.swift */ = {isa = PBXFileReference; fileEncoding = 4; lastKnownFileType = sourcecode.swift; path = Helper.swift; sourceTree = "<group>"; };
		33E3200E1B5EB26C0096351D /* DS-DIGI.TTF */ = {isa = PBXFileReference; lastKnownFileType = file; path = "DS-DIGI.TTF"; sourceTree = "<group>"; };
/* End PBXFileReference section */

/* Begin PBXFrameworksBuildPhase section */
		33ADEFB61B57455600B28E1E /* Frameworks */ = {
			isa = PBXFrameworksBuildPhase;
			buildActionMask = 2147483647;
			files = (
			);
			runOnlyForDeploymentPostprocessing = 0;
		};
		33ADEFCB1B57455600B28E1E /* Frameworks */ = {
			isa = PBXFrameworksBuildPhase;
			buildActionMask = 2147483647;
			files = (
			);
			runOnlyForDeploymentPostprocessing = 0;
		};
/* End PBXFrameworksBuildPhase section */

/* Begin PBXGroup section */
		33ADEFB01B57455600B28E1E = {
			isa = PBXGroup;
			children = (
				33ADEFBB1B57455600B28E1E /* SQUIRREL! */,
				33ADEFD11B57455600B28E1E /* SQUIRREL!Tests */,
				33ADEFBA1B57455600B28E1E /* Products */,
			);
			sourceTree = "<group>";
		};
		33ADEFBA1B57455600B28E1E /* Products */ = {
			isa = PBXGroup;
			children = (
				33ADEFB91B57455600B28E1E /* SQUIRREL!.app */,
				33ADEFCE1B57455600B28E1E /* SQUIRREL!Tests.xctest */,
			);
			name = Products;
			sourceTree = "<group>";
		};
		33ADEFBB1B57455600B28E1E /* SQUIRREL! */ = {
			isa = PBXGroup;
			children = (
				33ADEFBE1B57455600B28E1E /* AppDelegate.swift */,
				33ADEFC01B57455600B28E1E /* ViewController.swift */,
				33ADEFC21B57455600B28E1E /* Main.storyboard */,
				33ADEFC51B57455600B28E1E /* Images.xcassets */,
				33ADEFC71B57455600B28E1E /* LaunchScreen.xib */,
				33E320091B5DCD4F0096351D /* Fonts */,
				33ADEFE41B588D9F00B28E1E /* ExtendedClasses */,
				33ADEFBC1B57455600B28E1E /* Supporting Files */,
			);
			path = "SQUIRREL!";
			sourceTree = "<group>";
		};
		33ADEFBC1B57455600B28E1E /* Supporting Files */ = {
			isa = PBXGroup;
			children = (
				33ADEFBD1B57455600B28E1E /* Info.plist */,
			);
			name = "Supporting Files";
			sourceTree = "<group>";
		};
		33ADEFD11B57455600B28E1E /* SQUIRREL!Tests */ = {
			isa = PBXGroup;
			children = (
				33ADEFD41B57455600B28E1E /* SQUIRREL_Tests.swift */,
				33ADEFD21B57455600B28E1E /* Supporting Files */,
			);
			path = "SQUIRREL!Tests";
			sourceTree = "<group>";
		};
		33ADEFD21B57455600B28E1E /* Supporting Files */ = {
			isa = PBXGroup;
			children = (
				33ADEFD31B57455600B28E1E /* Info.plist */,
			);
			name = "Supporting Files";
			sourceTree = "<group>";
		};
		33ADEFE41B588D9F00B28E1E /* ExtendedClasses */ = {
			isa = PBXGroup;
			children = (
				33ADEFE51B588DFE00B28E1E /* NotePad.swift */,
				33E3200A1B5DD2F40096351D /* NoteObject.swift */,
				33E3200C1B5DDFC30096351D /* Helper.swift */,
				33C141A21B6680C90069FC21 /* SetTimer.swift */,
				33ADEFE71B588FAB00B28E1E /* NotePad.xib */,
				33C141A01B64461C0069FC21 /* SetTimer.xib */,
			);
			name = ExtendedClasses;
			sourceTree = "<group>";
		};
		33E320091B5DCD4F0096351D /* Fonts */ = {
			isa = PBXGroup;
			children = (
				33E3200E1B5EB26C0096351D /* DS-DIGI.TTF */,
				33E320081B5DCC690096351D /* DS-DIGII.TTF */,
			);
			name = Fonts;
			sourceTree = "<group>";
		};
/* End PBXGroup section */

/* Begin PBXNativeTarget section */
		33ADEFB81B57455600B28E1E /* SQUIRREL! */ = {
			isa = PBXNativeTarget;
			buildConfigurationList = 33ADEFD81B57455600B28E1E /* Build configuration list for PBXNativeTarget "SQUIRREL!" */;
			buildPhases = (
				33ADEFB51B57455600B28E1E /* Sources */,
				33ADEFB61B57455600B28E1E /* Frameworks */,
				33ADEFB71B57455600B28E1E /* Resources */,
			);
			buildRules = (
			);
			dependencies = (
			);
			name = "SQUIRREL!";
			productName = "SQUIRREL!";
			productReference = 33ADEFB91B57455600B28E1E /* SQUIRREL!.app */;
			productType = "com.apple.product-type.application";
		};
		33ADEFCD1B57455600B28E1E /* SQUIRREL!Tests */ = {
			isa = PBXNativeTarget;
			buildConfigurationList = 33ADEFDB1B57455600B28E1E /* Build configuration list for PBXNativeTarget "SQUIRREL!Tests" */;
			buildPhases = (
				33ADEFCA1B57455600B28E1E /* Sources */,
				33ADEFCB1B57455600B28E1E /* Frameworks */,
				33ADEFCC1B57455600B28E1E /* Resources */,
			);
			buildRules = (
			);
			dependencies = (
				33ADEFD01B57455600B28E1E /* PBXTargetDependency */,
			);
			name = "SQUIRREL!Tests";
			productName = "SQUIRREL!Tests";
			productReference = 33ADEFCE1B57455600B28E1E /* SQUIRREL!Tests.xctest */;
			productType = "com.apple.product-type.bundle.unit-test";
		};
/* End PBXNativeTarget section */

/* Begin PBXProject section */
		33ADEFB11B57455600B28E1E /* Project object */ = {
			isa = PBXProject;
			attributes = {
				LastUpgradeCheck = 0630;
				ORGANIZATIONNAME = "Jason Scott";
				TargetAttributes = {
					33ADEFB81B57455600B28E1E = {
						CreatedOnToolsVersion = 6.3.2;
					};
					33ADEFCD1B57455600B28E1E = {
						CreatedOnToolsVersion = 6.3.2;
						TestTargetID = 33ADEFB81B57455600B28E1E;
					};
				};
			};
			buildConfigurationList = 33ADEFB41B57455600B28E1E /* Build configuration list for PBXProject "SQUIRREL!" */;
			compatibilityVersion = "Xcode 3.2";
			developmentRegion = English;
			hasScannedForEncodings = 0;
			knownRegions = (
				en,
				Base,
			);
			mainGroup = 33ADEFB01B57455600B28E1E;
			productRefGroup = 33ADEFBA1B57455600B28E1E /* Products */;
			projectDirPath = "";
			projectRoot = "";
			targets = (
				33ADEFB81B57455600B28E1E /* SQUIRREL! */,
				33ADEFCD1B57455600B28E1E /* SQUIRREL!Tests */,
			);
		};
/* End PBXProject section */

/* Begin PBXResourcesBuildPhase section */
		33ADEFB71B57455600B28E1E /* Resources */ = {
			isa = PBXResourcesBuildPhase;
			buildActionMask = 2147483647;
			files = (
				33ADEFE81B588FAB00B28E1E /* NotePad.xib in Resources */,
				33ADEFC41B57455600B28E1E /* Main.storyboard in Resources */,
				33C141A11B64461C0069FC21 /* SetTimer.xib in Resources */,
				33ADEFC91B57455600B28E1E /* LaunchScreen.xib in Resources */,
				33ADEFC61B57455600B28E1E /* Images.xcassets in Resources */,
			);
			runOnlyForDeploymentPostprocessing = 0;
		};
		33ADEFCC1B57455600B28E1E /* Resources */ = {
			isa = PBXResourcesBuildPhase;
			buildActionMask = 2147483647;
			files = (
			);
			runOnlyForDeploymentPostprocessing = 0;
		};
/* End PBXResourcesBuildPhase section */

/* Begin PBXSourcesBuildPhase section */
		33ADEFB51B57455600B28E1E /* Sources */ = {
			isa = PBXSourcesBuildPhase;
			buildActionMask = 2147483647;
			files = (
				33E3200B1B5DD2F40096351D /* NoteObject.swift in Sources */,
				33ADEFC11B57455600B28E1E /* ViewController.swift in Sources */,
				33E3200D1B5DDFC30096351D /* Helper.swift in Sources */,
				33ADEFE61B588DFE00B28E1E /* NotePad.swift in Sources */,
				33C141A31B6680C90069FC21 /* SetTimer.swift in Sources */,
				33ADEFBF1B57455600B28E1E /* AppDelegate.swift in Sources */,
			);
			runOnlyForDeploymentPostprocessing = 0;
		};
		33ADEFCA1B57455600B28E1E /* Sources */ = {
			isa = PBXSourcesBuildPhase;
			buildActionMask = 2147483647;
			files = (
				33ADEFD51B57455600B28E1E /* SQUIRREL_Tests.swift in Sources */,
			);
			runOnlyForDeploymentPostprocessing = 0;
		};
/* End PBXSourcesBuildPhase section */

/* Begin PBXTargetDependency section */
		33ADEFD01B57455600B28E1E /* PBXTargetDependency */ = {
			isa = PBXTargetDependency;
			target = 33ADEFB81B57455600B28E1E /* SQUIRREL! */;
			targetProxy = 33ADEFCF1B57455600B28E1E /* PBXContainerItemProxy */;
		};
/* End PBXTargetDependency section */

/* Begin PBXVariantGroup section */
		33ADEFC21B57455600B28E1E /* Main.storyboard */ = {
			isa = PBXVariantGroup;
			children = (
				33ADEFC31B57455600B28E1E /* Base */,
			);
			name = Main.storyboard;
			sourceTree = "<group>";
		};
		33ADEFC71B57455600B28E1E /* LaunchScreen.xib */ = {
			isa = PBXVariantGroup;
			children = (
				33ADEFC81B57455600B28E1E /* Base */,
			);
			name = LaunchScreen.xib;
			sourceTree = "<group>";
		};
/* End PBXVariantGroup section */

/* Begin XCBuildConfiguration section */
		33ADEFD61B57455600B28E1E /* Debug */ = {
			isa = XCBuildConfiguration;
			buildSettings = {
				ALWAYS_SEARCH_USER_PATHS = NO;
				CLANG_CXX_LANGUAGE_STANDARD = "gnu++0x";
				CLANG_CXX_LIBRARY = "libc++";
				CLANG_ENABLE_MODULES = YES;
				CLANG_ENABLE_OBJC_ARC = YES;
				CLANG_WARN_BOOL_CONVERSION = YES;
				CLANG_WARN_CONSTANT_CONVERSION = YES;
				CLANG_WARN_DIRECT_OBJC_ISA_USAGE = YES_ERROR;
				CLANG_WARN_EMPTY_BODY = YES;
				CLANG_WARN_ENUM_CONVERSION = YES;
				CLANG_WARN_INT_CONVERSION = YES;
				CLANG_WARN_OBJC_ROOT_CLASS = YES_ERROR;
				CLANG_WARN_UNREACHABLE_CODE = YES;
				CLANG_WARN__DUPLICATE_METHOD_MATCH = YES;
				"CODE_SIGN_IDENTITY[sdk=iphoneos*]" = "iPhone Developer";
				COPY_PHASE_STRIP = NO;
				DEBUG_INFORMATION_FORMAT = "dwarf-with-dsym";
				ENABLE_STRICT_OBJC_MSGSEND = YES;
				GCC_C_LANGUAGE_STANDARD = gnu99;
				GCC_DYNAMIC_NO_PIC = NO;
				GCC_NO_COMMON_BLOCKS = YES;
				GCC_OPTIMIZATION_LEVEL = 0;
				GCC_PREPROCESSOR_DEFINITIONS = (
					"DEBUG=1",
					"$(inherited)",
				);
				GCC_SYMBOLS_PRIVATE_EXTERN = NO;
				GCC_WARN_64_TO_32_BIT_CONVERSION = YES;
				GCC_WARN_ABOUT_RETURN_TYPE = YES_ERROR;
				GCC_WARN_UNDECLARED_SELECTOR = YES;
				GCC_WARN_UNINITIALIZED_AUTOS = YES_AGGRESSIVE;
				GCC_WARN_UNUSED_FUNCTION = YES;
				GCC_WARN_UNUSED_VARIABLE = YES;
				IPHONEOS_DEPLOYMENT_TARGET = 8.3;
				MTL_ENABLE_DEBUG_INFO = YES;
				ONLY_ACTIVE_ARCH = YES;
				SDKROOT = iphoneos;
				SWIFT_OPTIMIZATION_LEVEL = "-Onone";
				TARGETED_DEVICE_FAMILY = "1,2";
			};
			name = Debug;
		};
		33ADEFD71B57455600B28E1E /* Release */ = {
			isa = XCBuildConfiguration;
			buildSettings = {
				ALWAYS_SEARCH_USER_PATHS = NO;
				CLANG_CXX_LANGUAGE_STANDARD = "gnu++0x";
				CLANG_CXX_LIBRARY = "libc++";
				CLANG_ENABLE_MODULES = YES;
				CLANG_ENABLE_OBJC_ARC = YES;
				CLANG_WARN_BOOL_CONVERSION = YES;
				CLANG_WARN_CONSTANT_CONVERSION = YES;
				CLANG_WARN_DIRECT_OBJC_ISA_USAGE = YES_ERROR;
				CLANG_WARN_EMPTY_BODY = YES;
				CLANG_WARN_ENUM_CONVERSION = YES;
				CLANG_WARN_INT_CONVERSION = YES;
				CLANG_WARN_OBJC_ROOT_CLASS = YES_ERROR;
				CLANG_WARN_UNREACHABLE_CODE = YES;
				CLANG_WARN__DUPLICATE_METHOD_MATCH = YES;
				"CODE_SIGN_IDENTITY[sdk=iphoneos*]" = "iPhone Developer";
				COPY_PHASE_STRIP = NO;
				DEBUG_INFORMATION_FORMAT = "dwarf-with-dsym";
				ENABLE_NS_ASSERTIONS = NO;
				ENABLE_STRICT_OBJC_MSGSEND = YES;
				GCC_C_LANGUAGE_STANDARD = gnu99;
				GCC_NO_COMMON_BLOCKS = YES;
				GCC_WARN_64_TO_32_BIT_CONVERSION = YES;
				GCC_WARN_ABOUT_RETURN_TYPE = YES_ERROR;
				GCC_WARN_UNDECLARED_SELECTOR = YES;
				GCC_WARN_UNINITIALIZED_AUTOS = YES_AGGRESSIVE;
				GCC_WARN_UNUSED_FUNCTION = YES;
				GCC_WARN_UNUSED_VARIABLE = YES;
				IPHONEOS_DEPLOYMENT_TARGET = 8.3;
				MTL_ENABLE_DEBUG_INFO = NO;
				SDKROOT = iphoneos;
				TARGETED_DEVICE_FAMILY = "1,2";
				VALIDATE_PRODUCT = YES;
			};
			name = Release;
		};
		33ADEFD91B57455600B28E1E /* Debug */ = {
			isa = XCBuildConfiguration;
			buildSettings = {
				ASSETCATALOG_COMPILER_APPICON_NAME = AppIcon;
				INFOPLIST_FILE = "SQUIRREL!/Info.plist";
				LD_RUNPATH_SEARCH_PATHS = "$(inherited) @executable_path/Frameworks";
				PRODUCT_NAME = "$(TARGET_NAME)";
			};
			name = Debug;
		};
		33ADEFDA1B57455600B28E1E /* Release */ = {
			isa = XCBuildConfiguration;
			buildSettings = {
				ASSETCATALOG_COMPILER_APPICON_NAME = AppIcon;
				INFOPLIST_FILE = "SQUIRREL!/Info.plist";
				LD_RUNPATH_SEARCH_PATHS = "$(inherited) @executable_path/Frameworks";
				PRODUCT_NAME = "$(TARGET_NAME)";
			};
			name = Release;
		};
		33ADEFDC1B57455600B28E1E /* Debug */ = {
			isa = XCBuildConfiguration;
			buildSettings = {
				BUNDLE_LOADER = "$(TEST_HOST)";
				FRAMEWORK_SEARCH_PATHS = (
					"$(SDKROOT)/Developer/Library/Frameworks",
					"$(inherited)",
				);
				GCC_PREPROCESSOR_DEFINITIONS = (
					"DEBUG=1",
					"$(inherited)",
				);
				INFOPLIST_FILE = "SQUIRREL!Tests/Info.plist";
				LD_RUNPATH_SEARCH_PATHS = "$(inherited) @executable_path/Frameworks @loader_path/Frameworks";
				PRODUCT_NAME = "$(TARGET_NAME)";
				TEST_HOST = "$(BUILT_PRODUCTS_DIR)/SQUIRREL!.app/SQUIRREL!";
			};
			name = Debug;
		};
		33ADEFDD1B57455600B28E1E /* Release */ = {
			isa = XCBuildConfiguration;
			buildSettings = {
				BUNDLE_LOADER = "$(TEST_HOST)";
				FRAMEWORK_SEARCH_PATHS = (
					"$(SDKROOT)/Developer/Library/Frameworks",
					"$(inherited)",
				);
				INFOPLIST_FILE = "SQUIRREL!Tests/Info.plist";
				LD_RUNPATH_SEARCH_PATHS = "$(inherited) @executable_path/Frameworks @loader_path/Frameworks";
				PRODUCT_NAME = "$(TARGET_NAME)";
				TEST_HOST = "$(BUILT_PRODUCTS_DIR)/SQUIRREL!.app/SQUIRREL!";
			};
			name = Release;
		};
/* End XCBuildConfiguration section */

/* Begin XCConfigurationList section */
		33ADEFB41B57455600B28E1E /* Build configuration list for PBXProject "SQUIRREL!" */ = {
			isa = XCConfigurationList;
			buildConfigurations = (
				33ADEFD61B57455600B28E1E /* Debug */,
				33ADEFD71B57455600B28E1E /* Release */,
			);
			defaultConfigurationIsVisible = 0;
			defaultConfigurationName = Release;
		};
		33ADEFD81B57455600B28E1E /* Build configuration list for PBXNativeTarget "SQUIRREL!" */ = {
			isa = XCConfigurationList;
			buildConfigurations = (
				33ADEFD91B57455600B28E1E /* Debug */,
				33ADEFDA1B57455600B28E1E /* Release */,
			);
			defaultConfigurationIsVisible = 0;
			defaultConfigurationName = Release;
		};
		33ADEFDB1B57455600B28E1E /* Build configuration list for PBXNativeTarget "SQUIRREL!Tests" */ = {
			isa = XCConfigurationList;
			buildConfigurations = (
				33ADEFDC1B57455600B28E1E /* Debug */,
				33ADEFDD1B57455600B28E1E /* Release */,
			);
			defaultConfigurationIsVisible = 0;
			defaultConfigurationName = Release;
		};
/* End XCConfigurationList section */
	};
	rootObject = 33ADEFB11B57455600B28E1E /* Project object */;
}
